
Microsoft Visual Studio Solution File, Format Version 12.00
# Visual Studio 14
VisualStudioVersion = 14.0.24720.0
MinimumVisualStudioVersion = 10.0.40219.1
Project("{FAE04EC0-301F-11D3-BF4B-00C04F79EFBC}") = "QuanLyCuaHang", "QuanLyCuaHang\QuanLyCuaHang.csproj", "{7CE8DCFB-258A-460E-A932-490AE3673DB8}"
EndProject
Project("{FAE04EC0-301F-11D3-BF4B-00C04F79EFBC}") = "EntityClass", "EntityClass\EntityClass.csproj", "{A6772BA9-35E1-4FC5-9217-92ABDE4F84F8}"
EndProject
Project("{FAE04EC0-301F-11D3-BF4B-00C04F79EFBC}") = "DataAccess", "DataAccess\DataAccess.csproj", "{15BC79DA-9888-47FA-A61A-C071424B382C}"
EndProject
Project("{FAE04EC0-301F-11D3-BF4B-00C04F79EFBC}") = "Business", "Business\Business.csproj", "{2BBB10E1-8EB0-484C-B0D6-9E83F6B870B2}"
EndProject
Global
	GlobalSection(SolutionConfigurationPlatforms) = preSolution
		Debug|Any CPU = Debug|Any CPU
		Release|Any CPU = Release|Any CPU
	EndGlobalSection
	GlobalSection(ProjectConfigurationPlatforms) = postSolution
		{7CE8DCFB-258A-460E-A932-490AE3673DB8}.Debug|Any CPU.ActiveCfg = Debug|Any CPU
		{7CE8DCFB-258A-460E-A932-490AE3673DB8}.Debug|Any CPU.Build.0 = Debug|Any CPU
		{7CE8DCFB-258A-460E-A932-490AE3673DB8}.Release|Any CPU.ActiveCfg = Release|Any CPU
		{7CE8DCFB-258A-460E-A932-490AE3673DB8}.Release|Any CPU.Build.0 = Release|Any CPU
		{A6772BA9-35E1-4FC5-9217-92ABDE4F84F8}.Debug|Any CPU.ActiveCfg = Debug|Any CPU
		{A6772BA9-35E1-4FC5-9217-92ABDE4F84F8}.Debug|Any CPU.Build.0 = Debug|Any CPU
		{A6772BA9-35E1-4FC5-9217-92ABDE4F84F8}.Release|Any CPU.ActiveCfg = Release|Any CPU
		{A6772BA9-35E1-4FC5-9217-92ABDE4F84F8}.Release|Any CPU.Build.0 = Release|Any CPU
		{15BC79DA-9888-47FA-A61A-C071424B382C}.Debug|Any CPU.ActiveCfg = Debug|Any CPU
		{15BC79DA-9888-47FA-A61A-C071424B382C}.Debug|Any CPU.Build.0 = Debug|Any CPU
		{15BC79DA-9888-47FA-A61A-C071424B382C}.Release|Any CPU.ActiveCfg = Release|Any CPU
		{15BC79DA-9888-47FA-A61A-C071424B382C}.Release|Any CPU.Build.0 = Release|Any CPU
		{2BBB10E1-8EB0-484C-B0D6-9E83F6B870B2}.Debug|Any CPU.ActiveCfg = Debug|Any CPU
		{2BBB10E1-8EB0-484C-B0D6-9E83F6B870B2}.Debug|Any CPU.Build.0 = Debug|Any CPU
		{2BBB10E1-8EB0-484C-B0D6-9E83F6B870B2}.Release|Any CPU.ActiveCfg = Release|Any CPU
		{2BBB10E1-8EB0-484C-B0D6-9E83F6B870B2}.Release|Any CPU.Build.0 = Release|Any CPU
	EndGlobalSection
	GlobalSection(SolutionProperties) = preSolution
		HideSolutionNode = FALSE
	EndGlobalSection
EndGlobal
